// !$*UTF8*$!
{
	archiveVersion = 1;
	classes = {
	};
	objectVersion = 50;
	objects = {

/* Begin PBXBuildFile section */
		B869B6C8210659C1005B5EC5 /* AppDelegate.swift in Sources */ = {isa = PBXBuildFile; fileRef = B869B6C7210659C1005B5EC5 /* AppDelegate.swift */; };
		B869B6CA210659C1005B5EC5 /* ViewController.swift in Sources */ = {isa = PBXBuildFile; fileRef = B869B6C9210659C1005B5EC5 /* ViewController.swift */; };
		B869B6CD210659C1005B5EC5 /* Main.storyboard in Resources */ = {isa = PBXBuildFile; fileRef = B869B6CB210659C1005B5EC5 /* Main.storyboard */; };
		B869B6D2210659C2005B5EC5 /* Assets.xcassets in Resources */ = {isa = PBXBuildFile; fileRef = B869B6D1210659C2005B5EC5 /* Assets.xcassets */; };
		B869B6D5210659C2005B5EC5 /* LaunchScreen.storyboard in Resources */ = {isa = PBXBuildFile; fileRef = B869B6D3210659C2005B5EC5 /* LaunchScreen.storyboard */; };
		B869B6E021066A56005B5EC5 /* StartingScreen.storyboard in Resources */ = {isa = PBXBuildFile; fileRef = B869B6DF21066A56005B5EC5 /* StartingScreen.storyboard */; };
		B869B6E221067A23005B5EC5 /* StartingScreenController.swift in Sources */ = {isa = PBXBuildFile; fileRef = B869B6E121067A23005B5EC5 /* StartingScreenController.swift */; };
		B869B6E4210689E1005B5EC5 /* SearchViewController.swift in Sources */ = {isa = PBXBuildFile; fileRef = B869B6E3210689E1005B5EC5 /* SearchViewController.swift */; };
		B869B6E821068A7F005B5EC5 /* SearchScreen.storyboard in Resources */ = {isa = PBXBuildFile; fileRef = B869B6E721068A7F005B5EC5 /* SearchScreen.storyboard */; };
		B8799E5521111FAD0058356C /* CountdownHelper.swift in Sources */ = {isa = PBXBuildFile; fileRef = B8799E5421111FAD0058356C /* CountdownHelper.swift */; };
		B8799E84211507D80058356C /* EditFridgeItemViewController.swift in Sources */ = {isa = PBXBuildFile; fileRef = B8799E83211507D80058356C /* EditFridgeItemViewController.swift */; };
		B87FCBF8210F83F50017B9F6 /* AddCustomViewController.swift in Sources */ = {isa = PBXBuildFile; fileRef = B87FCBF7210F83F50017B9F6 /* AddCustomViewController.swift */; };
		B8C47D59210694420007CC31 /* ExpirationDateScreen.storyboard in Resources */ = {isa = PBXBuildFile; fileRef = B8C47D58210694420007CC31 /* ExpirationDateScreen.storyboard */; };
		B8C47D5B210694630007CC31 /* ExpirationDateTableViewController.swift in Sources */ = {isa = PBXBuildFile; fileRef = B8C47D5A210694630007CC31 /* ExpirationDateTableViewController.swift */; };
		B8C47D632107BD460007CC31 /* ExpirationDateTableViewCell.swift in Sources */ = {isa = PBXBuildFile; fileRef = B8C47D622107BD460007CC31 /* ExpirationDateTableViewCell.swift */; };
		B8C47D682107E4460007CC31 /* PropertyList.plist in Resources */ = {isa = PBXBuildFile; fileRef = B8C47D672107E4460007CC31 /* PropertyList.plist */; };
		B8C47D6A2107F2590007CC31 /* DatabaseHelper.swift in Sources */ = {isa = PBXBuildFile; fileRef = B8C47D692107F2590007CC31 /* DatabaseHelper.swift */; };
		B8C47D6D2108DFC10007CC31 /* CoreDataHelper.swift in Sources */ = {isa = PBXBuildFile; fileRef = B8C47D6C2108DFC10007CC31 /* CoreDataHelper.swift */; };
		B8C47D702108E76E0007CC31 /* Food.xcdatamodeld in Sources */ = {isa = PBXBuildFile; fileRef = B8C47D6E2108E76E0007CC31 /* Food.xcdatamodeld */; };
		B8C47D7621091C2D0007CC31 /* FoodPlist.swift in Sources */ = {isa = PBXBuildFile; fileRef = B8C47D7521091C2D0007CC31 /* FoodPlist.swift */; };
/* End PBXBuildFile section */

/* Begin PBXFileReference section */
		B869B6C4210659C1005B5EC5 /* Food.app */ = {isa = PBXFileReference; explicitFileType = wrapper.application; includeInIndex = 0; path = Food.app; sourceTree = BUILT_PRODUCTS_DIR; };
		B869B6C7210659C1005B5EC5 /* AppDelegate.swift */ = {isa = PBXFileReference; lastKnownFileType = sourcecode.swift; path = AppDelegate.swift; sourceTree = "<group>"; };
		B869B6C9210659C1005B5EC5 /* ViewController.swift */ = {isa = PBXFileReference; lastKnownFileType = sourcecode.swift; path = ViewController.swift; sourceTree = "<group>"; };
		B869B6CC210659C1005B5EC5 /* Base */ = {isa = PBXFileReference; lastKnownFileType = file.storyboard; name = Base; path = Base.lproj/Main.storyboard; sourceTree = "<group>"; };
		B869B6D1210659C2005B5EC5 /* Assets.xcassets */ = {isa = PBXFileReference; lastKnownFileType = folder.assetcatalog; path = Assets.xcassets; sourceTree = "<group>"; };
		B869B6D4210659C2005B5EC5 /* Base */ = {isa = PBXFileReference; lastKnownFileType = file.storyboard; name = Base; path = Base.lproj/LaunchScreen.storyboard; sourceTree = "<group>"; };
		B869B6D6210659C2005B5EC5 /* Info.plist */ = {isa = PBXFileReference; lastKnownFileType = text.plist.xml; path = Info.plist; sourceTree = "<group>"; };
		B869B6DF21066A56005B5EC5 /* StartingScreen.storyboard */ = {isa = PBXFileReference; lastKnownFileType = file.storyboard; path = StartingScreen.storyboard; sourceTree = "<group>"; };
		B869B6E121067A23005B5EC5 /* StartingScreenController.swift */ = {isa = PBXFileReference; lastKnownFileType = sourcecode.swift; path = StartingScreenController.swift; sourceTree = "<group>"; };
		B869B6E3210689E1005B5EC5 /* SearchViewController.swift */ = {isa = PBXFileReference; lastKnownFileType = sourcecode.swift; path = SearchViewController.swift; sourceTree = "<group>"; };
		B869B6E721068A7F005B5EC5 /* SearchScreen.storyboard */ = {isa = PBXFileReference; lastKnownFileType = file.storyboard; path = SearchScreen.storyboard; sourceTree = "<group>"; };
		B8799E5421111FAD0058356C /* CountdownHelper.swift */ = {isa = PBXFileReference; lastKnownFileType = sourcecode.swift; path = CountdownHelper.swift; sourceTree = "<group>"; };
		B8799E83211507D80058356C /* EditFridgeItemViewController.swift */ = {isa = PBXFileReference; lastKnownFileType = sourcecode.swift; path = EditFridgeItemViewController.swift; sourceTree = "<group>"; };
		B87FCBF7210F83F50017B9F6 /* AddCustomViewController.swift */ = {isa = PBXFileReference; lastKnownFileType = sourcecode.swift; path = AddCustomViewController.swift; sourceTree = "<group>"; };
		B8C47D58210694420007CC31 /* ExpirationDateScreen.storyboard */ = {isa = PBXFileReference; lastKnownFileType = file.storyboard; path = ExpirationDateScreen.storyboard; sourceTree = "<group>"; };
		B8C47D5A210694630007CC31 /* ExpirationDateTableViewController.swift */ = {isa = PBXFileReference; lastKnownFileType = sourcecode.swift; path = ExpirationDateTableViewController.swift; sourceTree = "<group>"; };
		B8C47D622107BD460007CC31 /* ExpirationDateTableViewCell.swift */ = {isa = PBXFileReference; lastKnownFileType = sourcecode.swift; path = ExpirationDateTableViewCell.swift; sourceTree = "<group>"; };
		B8C47D672107E4460007CC31 /* PropertyList.plist */ = {isa = PBXFileReference; lastKnownFileType = text.plist.xml; path = PropertyList.plist; sourceTree = "<group>"; };
		B8C47D692107F2590007CC31 /* DatabaseHelper.swift */ = {isa = PBXFileReference; lastKnownFileType = sourcecode.swift; path = DatabaseHelper.swift; sourceTree = "<group>"; };
		B8C47D6C2108DFC10007CC31 /* CoreDataHelper.swift */ = {isa = PBXFileReference; lastKnownFileType = sourcecode.swift; path = CoreDataHelper.swift; sourceTree = "<group>"; };
		B8C47D6F2108E76E0007CC31 /* Food.xcdatamodel */ = {isa = PBXFileReference; lastKnownFileType = wrapper.xcdatamodel; path = Food.xcdatamodel; sourceTree = "<group>"; };
		B8C47D7521091C2D0007CC31 /* FoodPlist.swift */ = {isa = PBXFileReference; lastKnownFileType = sourcecode.swift; path = FoodPlist.swift; sourceTree = "<group>"; };
/* End PBXFileReference section */

/* Begin PBXFrameworksBuildPhase section */
		B869B6C1210659C1005B5EC5 /* Frameworks */ = {
			isa = PBXFrameworksBuildPhase;
			buildActionMask = 2147483647;
			files = (
			);
			runOnlyForDeploymentPostprocessing = 0;
		};
/* End PBXFrameworksBuildPhase section */

/* Begin PBXGroup section */
		B869B6BB210659C1005B5EC5 = {
			isa = PBXGroup;
			children = (
				B869B6C6210659C1005B5EC5 /* Food */,
				B869B6C5210659C1005B5EC5 /* Products */,
			);
			sourceTree = "<group>";
		};
		B869B6C5210659C1005B5EC5 /* Products */ = {
			isa = PBXGroup;
			children = (
				B869B6C4210659C1005B5EC5 /* Food.app */,
			);
			name = Products;
			sourceTree = "<group>";
		};
		B869B6C6210659C1005B5EC5 /* Food */ = {
			isa = PBXGroup;
			children = (
				B869B6C7210659C1005B5EC5 /* AppDelegate.swift */,
				B8C47D6B2108DFA80007CC31 /* Helpers */,
				B8C47D642107CDDF0007CC31 /* Models */,
				B869B6DE21066938005B5EC5 /* Controllers */,
				B869B6DC210668A5005B5EC5 /* Storyboards */,
				B869B6D1210659C2005B5EC5 /* Assets.xcassets */,
				B869B6D6210659C2005B5EC5 /* Info.plist */,
				B8C47D672107E4460007CC31 /* PropertyList.plist */,
				B8C47D612107BD190007CC31 /* Views */,
				B8C47D6E2108E76E0007CC31 /* Food.xcdatamodeld */,
			);
			path = Food;
			sourceTree = "<group>";
		};
		B869B6DC210668A5005B5EC5 /* Storyboards */ = {
			isa = PBXGroup;
			children = (
				B869B6CB210659C1005B5EC5 /* Main.storyboard */,
				B869B6D3210659C2005B5EC5 /* LaunchScreen.storyboard */,
				B869B6DF21066A56005B5EC5 /* StartingScreen.storyboard */,
				B869B6E721068A7F005B5EC5 /* SearchScreen.storyboard */,
				B8C47D58210694420007CC31 /* ExpirationDateScreen.storyboard */,
			);
			path = Storyboards;
			sourceTree = "<group>";
		};
		B869B6DE21066938005B5EC5 /* Controllers */ = {
			isa = PBXGroup;
			children = (
				B869B6C9210659C1005B5EC5 /* ViewController.swift */,
				B869B6E121067A23005B5EC5 /* StartingScreenController.swift */,
				B869B6E3210689E1005B5EC5 /* SearchViewController.swift */,
				B8C47D5A210694630007CC31 /* ExpirationDateTableViewController.swift */,
				B87FCBF7210F83F50017B9F6 /* AddCustomViewController.swift */,
				B8799E83211507D80058356C /* EditFridgeItemViewController.swift */,
			);
			path = Controllers;
			sourceTree = "<group>";
		};
		B8C47D612107BD190007CC31 /* Views */ = {
			isa = PBXGroup;
			children = (
				B8C47D622107BD460007CC31 /* ExpirationDateTableViewCell.swift */,
			);
			path = Views;
			sourceTree = "<group>";
		};
		B8C47D642107CDDF0007CC31 /* Models */ = {
			isa = PBXGroup;
			children = (
				B8C47D7521091C2D0007CC31 /* FoodPlist.swift */,
			);
			path = Models;
			sourceTree = "<group>";
		};
		B8C47D6B2108DFA80007CC31 /* Helpers */ = {
			isa = PBXGroup;
			children = (
				B8C47D692107F2590007CC31 /* DatabaseHelper.swift */,
				B8C47D6C2108DFC10007CC31 /* CoreDataHelper.swift */,
				B8799E5421111FAD0058356C /* CountdownHelper.swift */,
			);
			path = Helpers;
			sourceTree = "<group>";
		};
/* End PBXGroup section */

/* Begin PBXNativeTarget section */
		B869B6C3210659C1005B5EC5 /* Food */ = {
			isa = PBXNativeTarget;
			buildConfigurationList = B869B6D9210659C2005B5EC5 /* Build configuration list for PBXNativeTarget "Food" */;
			buildPhases = (
				B869B6C0210659C1005B5EC5 /* Sources */,
				B869B6C1210659C1005B5EC5 /* Frameworks */,
				B869B6C2210659C1005B5EC5 /* Resources */,
			);
			buildRules = (
			);
			dependencies = (
			);
			name = Food;
			productName = Food;
			productReference = B869B6C4210659C1005B5EC5 /* Food.app */;
			productType = "com.apple.product-type.application";
		};
/* End PBXNativeTarget section */

/* Begin PBXProject section */
		B869B6BC210659C1005B5EC5 /* Project object */ = {
			isa = PBXProject;
			attributes = {
				LastSwiftUpdateCheck = 0940;
				LastUpgradeCheck = 0940;
				ORGANIZATIONNAME = "Jun Hee Han";
				TargetAttributes = {
					B869B6C3210659C1005B5EC5 = {
						CreatedOnToolsVersion = 9.4.1;
					};
				};
			};
			buildConfigurationList = B869B6BF210659C1005B5EC5 /* Build configuration list for PBXProject "Food" */;
			compatibilityVersion = "Xcode 9.3";
			developmentRegion = en;
			hasScannedForEncodings = 0;
			knownRegions = (
				en,
				Base,
			);
			mainGroup = B869B6BB210659C1005B5EC5;
			productRefGroup = B869B6C5210659C1005B5EC5 /* Products */;
			projectDirPath = "";
			projectRoot = "";
			targets = (
				B869B6C3210659C1005B5EC5 /* Food */,
			);
		};
/* End PBXProject section */

/* Begin PBXResourcesBuildPhase section */
		B869B6C2210659C1005B5EC5 /* Resources */ = {
			isa = PBXResourcesBuildPhase;
			buildActionMask = 2147483647;
			files = (
				B869B6E821068A7F005B5EC5 /* SearchScreen.storyboard in Resources */,
				B869B6E021066A56005B5EC5 /* StartingScreen.storyboard in Resources */,
				B869B6D5210659C2005B5EC5 /* LaunchScreen.storyboard in Resources */,
				B869B6D2210659C2005B5EC5 /* Assets.xcassets in Resources */,
				B869B6CD210659C1005B5EC5 /* Main.storyboard in Resources */,
				B8C47D682107E4460007CC31 /* PropertyList.plist in Resources */,
				B8C47D59210694420007CC31 /* ExpirationDateScreen.storyboard in Resources */,
			);
			runOnlyForDeploymentPostprocessing = 0;
		};
/* End PBXResourcesBuildPhase section */

/* Begin PBXSourcesBuildPhase section */
		B869B6C0210659C1005B5EC5 /* Sources */ = {
			isa = PBXSourcesBuildPhase;
			buildActionMask = 2147483647;
			files = (
				B8C47D6D2108DFC10007CC31 /* CoreDataHelper.swift in Sources */,
				B8799E5521111FAD0058356C /* CountdownHelper.swift in Sources */,
				B8C47D6A2107F2590007CC31 /* DatabaseHelper.swift in Sources */,
				B869B6E4210689E1005B5EC5 /* SearchViewController.swift in Sources */,
				B869B6CA210659C1005B5EC5 /* ViewController.swift in Sources */,
				B869B6E221067A23005B5EC5 /* StartingScreenController.swift in Sources */,
				B8C47D7621091C2D0007CC31 /* FoodPlist.swift in Sources */,
				B869B6C8210659C1005B5EC5 /* AppDelegate.swift in Sources */,
				B8C47D5B210694630007CC31 /* ExpirationDateTableViewController.swift in Sources */,
				B87FCBF8210F83F50017B9F6 /* AddCustomViewController.swift in Sources */,
				B8C47D632107BD460007CC31 /* ExpirationDateTableViewCell.swift in Sources */,
				B8799E84211507D80058356C /* EditFridgeItemViewController.swift in Sources */,
				B8C47D702108E76E0007CC31 /* Food.xcdatamodeld in Sources */,
			);
			runOnlyForDeploymentPostprocessing = 0;
		};
/* End PBXSourcesBuildPhase section */

/* Begin PBXVariantGroup section */
		B869B6CB210659C1005B5EC5 /* Main.storyboard */ = {
			isa = PBXVariantGroup;
			children = (
				B869B6CC210659C1005B5EC5 /* Base */,
			);
			name = Main.storyboard;
			sourceTree = "<group>";
		};
		B869B6D3210659C2005B5EC5 /* LaunchScreen.storyboard */ = {
			isa = PBXVariantGroup;
			children = (
				B869B6D4210659C2005B5EC5 /* Base */,
			);
			name = LaunchScreen.storyboard;
			sourceTree = "<group>";
		};
/* End PBXVariantGroup section */

/* Begin XCBuildConfiguration section */
		B869B6D7210659C2005B5EC5 /* Debug */ = {
			isa = XCBuildConfiguration;
			buildSettings = {
				ALWAYS_SEARCH_USER_PATHS = NO;
				CLANG_ANALYZER_NONNULL = YES;
				CLANG_ANALYZER_NUMBER_OBJECT_CONVERSION = YES_AGGRESSIVE;
				CLANG_CXX_LANGUAGE_STANDARD = "gnu++14";
				CLANG_CXX_LIBRARY = "libc++";
				CLANG_ENABLE_MODULES = YES;
				CLANG_ENABLE_OBJC_ARC = YES;
				CLANG_ENABLE_OBJC_WEAK = YES;
				CLANG_WARN_BLOCK_CAPTURE_AUTORELEASING = YES;
				CLANG_WARN_BOOL_CONVERSION = YES;
				CLANG_WARN_COMMA = YES;
				CLANG_WARN_CONSTANT_CONVERSION = YES;
				CLANG_WARN_DEPRECATED_OBJC_IMPLEMENTATIONS = YES;
				CLANG_WARN_DIRECT_OBJC_ISA_USAGE = YES_ERROR;
				CLANG_WARN_DOCUMENTATION_COMMENTS = YES;
				CLANG_WARN_EMPTY_BODY = YES;
				CLANG_WARN_ENUM_CONVERSION = YES;
				CLANG_WARN_INFINITE_RECURSION = YES;
				CLANG_WARN_INT_CONVERSION = YES;
				CLANG_WARN_NON_LITERAL_NULL_CONVERSION = YES;
				CLANG_WARN_OBJC_IMPLICIT_RETAIN_SELF = YES;
				CLANG_WARN_OBJC_LITERAL_CONVERSION = YES;
				CLANG_WARN_OBJC_ROOT_CLASS = YES_ERROR;
				CLANG_WARN_RANGE_LOOP_ANALYSIS = YES;
				CLANG_WARN_STRICT_PROTOTYPES = YES;
				CLANG_WARN_SUSPICIOUS_MOVE = YES;
				CLANG_WARN_UNGUARDED_AVAILABILITY = YES_AGGRESSIVE;
				CLANG_WARN_UNREACHABLE_CODE = YES;
				CLANG_WARN__DUPLICATE_METHOD_MATCH = YES;
				CODE_SIGN_IDENTITY = "iPhone Developer";
				COPY_PHASE_STRIP = NO;
				DEBUG_INFORMATION_FORMAT = dwarf;
				ENABLE_STRICT_OBJC_MSGSEND = YES;
				ENABLE_TESTABILITY = YES;
				GCC_C_LANGUAGE_STANDARD = gnu11;
				GCC_DYNAMIC_NO_PIC = NO;
				GCC_NO_COMMON_BLOCKS = YES;
				GCC_OPTIMIZATION_LEVEL = 0;
				GCC_PREPROCESSOR_DEFINITIONS = (
					"DEBUG=1",
					"$(inherited)",
				);
				GCC_WARN_64_TO_32_BIT_CONVERSION = YES;
				GCC_WARN_ABOUT_RETURN_TYPE = YES_ERROR;
				GCC_WARN_UNDECLARED_SELECTOR = YES;
				GCC_WARN_UNINITIALIZED_AUTOS = YES_AGGRESSIVE;
				GCC_WARN_UNUSED_FUNCTION = YES;
				GCC_WARN_UNUSED_VARIABLE = YES;
				IPHONEOS_DEPLOYMENT_TARGET = 11.4;
				MTL_ENABLE_DEBUG_INFO = YES;
				ONLY_ACTIVE_ARCH = YES;
				SDKROOT = iphoneos;
				SWIFT_ACTIVE_COMPILATION_CONDITIONS = DEBUG;
				SWIFT_OPTIMIZATION_LEVEL = "-Onone";
			};
			name = Debug;
		};
		B869B6D8210659C2005B5EC5 /* Release */ = {
			isa = XCBuildConfiguration;
			buildSettings = {
				ALWAYS_SEARCH_USER_PATHS = NO;
				CLANG_ANALYZER_NONNULL = YES;
				CLANG_ANALYZER_NUMBER_OBJECT_CONVERSION = YES_AGGRESSIVE;
				CLANG_CXX_LANGUAGE_STANDARD = "gnu++14";
				CLANG_CXX_LIBRARY = "libc++";
				CLANG_ENABLE_MODULES = YES;
				CLANG_ENABLE_OBJC_ARC = YES;
				CLANG_ENABLE_OBJC_WEAK = YES;
				CLANG_WARN_BLOCK_CAPTURE_AUTORELEASING = YES;
				CLANG_WARN_BOOL_CONVERSION = YES;
				CLANG_WARN_COMMA = YES;
				CLANG_WARN_CONSTANT_CONVERSION = YES;
				CLANG_WARN_DEPRECATED_OBJC_IMPLEMENTATIONS = YES;
				CLANG_WARN_DIRECT_OBJC_ISA_USAGE = YES_ERROR;
				CLANG_WARN_DOCUMENTATION_COMMENTS = YES;
				CLANG_WARN_EMPTY_BODY = YES;
				CLANG_WARN_ENUM_CONVERSION = YES;
				CLANG_WARN_INFINITE_RECURSION = YES;
				CLANG_WARN_INT_CONVERSION = YES;
				CLANG_WARN_NON_LITERAL_NULL_CONVERSION = YES;
				CLANG_WARN_OBJC_IMPLICIT_RETAIN_SELF = YES;
				CLANG_WARN_OBJC_LITERAL_CONVERSION = YES;
				CLANG_WARN_OBJC_ROOT_CLASS = YES_ERROR;
				CLANG_WARN_RANGE_LOOP_ANALYSIS = YES;
				CLANG_WARN_STRICT_PROTOTYPES = YES;
				CLANG_WARN_SUSPICIOUS_MOVE = YES;
				CLANG_WARN_UNGUARDED_AVAILABILITY = YES_AGGRESSIVE;
				CLANG_WARN_UNREACHABLE_CODE = YES;
				CLANG_WARN__DUPLICATE_METHOD_MATCH = YES;
				CODE_SIGN_IDENTITY = "iPhone Developer";
				COPY_PHASE_STRIP = NO;
				DEBUG_INFORMATION_FORMAT = "dwarf-with-dsym";
				ENABLE_NS_ASSERTIONS = NO;
				ENABLE_STRICT_OBJC_MSGSEND = YES;
				GCC_C_LANGUAGE_STANDARD = gnu11;
				GCC_NO_COMMON_BLOCKS = YES;
				GCC_WARN_64_TO_32_BIT_CONVERSION = YES;
				GCC_WARN_ABOUT_RETURN_TYPE = YES_ERROR;
				GCC_WARN_UNDECLARED_SELECTOR = YES;
				GCC_WARN_UNINITIALIZED_AUTOS = YES_AGGRESSIVE;
				GCC_WARN_UNUSED_FUNCTION = YES;
				GCC_WARN_UNUSED_VARIABLE = YES;
				IPHONEOS_DEPLOYMENT_TARGET = 11.4;
				MTL_ENABLE_DEBUG_INFO = NO;
				SDKROOT = iphoneos;
				SWIFT_COMPILATION_MODE = wholemodule;
				SWIFT_OPTIMIZATION_LEVEL = "-O";
				VALIDATE_PRODUCT = YES;
			};
			name = Release;
		};
		B869B6DA210659C2005B5EC5 /* Debug */ = {
			isa = XCBuildConfiguration;
			buildSettings = {
				ASSETCATALOG_COMPILER_APPICON_NAME = AppIcon;
				CODE_SIGN_STYLE = Automatic;
				DEVELOPMENT_TEAM = Z8383B8PH4;
				INFOPLIST_FILE = Food/Info.plist;
				LD_RUNPATH_SEARCH_PATHS = (
					"$(inherited)",
					"@executable_path/Frameworks",
				);
				PRODUCT_BUNDLE_IDENTIFIER = com.MakeSchool.Food;
				PRODUCT_NAME = "$(TARGET_NAME)";
				SWIFT_VERSION = 4.0;
				TARGETED_DEVICE_FAMILY = "1,2";
			};
			name = Debug;
		};
		B869B6DB210659C2005B5EC5 /* Release */ = {
			isa = XCBuildConfiguration;
			buildSettings = {
				ASSETCATALOG_COMPILER_APPICON_NAME = AppIcon;
				CODE_SIGN_STYLE = Automatic;
				DEVELOPMENT_TEAM = Z8383B8PH4;
				INFOPLIST_FILE = Food/Info.plist;
				LD_RUNPATH_SEARCH_PATHS = (
					"$(inherited)",
					"@executable_path/Frameworks",
				);
				PRODUCT_BUNDLE_IDENTIFIER = com.MakeSchool.Food;
				PRODUCT_NAME = "$(TARGET_NAME)";
				SWIFT_VERSION = 4.0;
				TARGETED_DEVICE_FAMILY = "1,2";
			};
			name = Release;
		};
/* End XCBuildConfiguration section */

/* Begin XCConfigurationList section */
		B869B6BF210659C1005B5EC5 /* Build configuration list for PBXProject "Food" */ = {
			isa = XCConfigurationList;
			buildConfigurations = (
				B869B6D7210659C2005B5EC5 /* Debug */,
				B869B6D8210659C2005B5EC5 /* Release */,
			);
			defaultConfigurationIsVisible = 0;
			defaultConfigurationName = Release;
		};
		B869B6D9210659C2005B5EC5 /* Build configuration list for PBXNativeTarget "Food" */ = {
			isa = XCConfigurationList;
			buildConfigurations = (
				B869B6DA210659C2005B5EC5 /* Debug */,
				B869B6DB210659C2005B5EC5 /* Release */,
			);
			defaultConfigurationIsVisible = 0;
			defaultConfigurationName = Release;
		};
/* End XCConfigurationList section */

/* Begin XCVersionGroup section */
		B8C47D6E2108E76E0007CC31 /* Food.xcdatamodeld */ = {
			isa = XCVersionGroup;
			children = (
				B8C47D6F2108E76E0007CC31 /* Food.xcdatamodel */,
			);
			currentVersion = B8C47D6F2108E76E0007CC31 /* Food.xcdatamodel */;
			path = Food.xcdatamodeld;
			sourceTree = "<group>";
			versionGroupType = wrapper.xcdatamodel;
		};
/* End XCVersionGroup section */
	};
	rootObject = B869B6BC210659C1005B5EC5 /* Project object */;
}
